
Microsoft Visual Studio Solution File, Format Version 12.00
# Visual Studio 14
VisualStudioVersion = 14.0.25123.0
MinimumVisualStudioVersion = 10.0.40219.1
Project("{924D6CD8-9BFA-44CA-A15B-6C2DDEC61354}") = "Sitecore.Support.337372", "Sitecore.Support.337372\Sitecore.Support.337372.csproj", "{B7B618FC-6CA8-4EBC-B99A-5D1969E709EE}"
EndProject
Global
	GlobalSection(SolutionConfigurationPlatforms) = preSolution
		Debug|Any CPU = Debug|Any CPU
		Release|Any CPU = Release|Any CPU
	EndGlobalSection
	GlobalSection(ProjectConfigurationPlatforms) = postSolution
		{B7B618FC-6CA8-4EBC-B99A-5D1969E709EE}.Debug|Any CPU.ActiveCfg = Debug|Any CPU
		{B7B618FC-6CA8-4EBC-B99A-5D1969E709EE}.Debug|Any CPU.Build.0 = Debug|Any CPU
		{B7B618FC-6CA8-4EBC-B99A-5D1969E709EE}.Release|Any CPU.ActiveCfg = Release|Any CPU
		{B7B618FC-6CA8-4EBC-B99A-5D1969E709EE}.Release|Any CPU.Build.0 = Release|Any CPU
	EndGlobalSection
	GlobalSection(SolutionProperties) = preSolution
		HideSolutionNode = FALSE
	EndGlobalSection
EndGlobal
